// !$*UTF8*$!
{
	archiveVersion = 1;
	classes = {
	};
	objectVersion = 46;
	objects = {

/* Begin PBXBuildFile section */
		7C548EEE19EDC97F00A7EDB6 /* AppDelegate.swift in Sources */ = {isa = PBXBuildFile; fileRef = 7C548EED19EDC97F00A7EDB6 /* AppDelegate.swift */; };
		7C548EF019EDC97F00A7EDB6 /* ViewController.swift in Sources */ = {isa = PBXBuildFile; fileRef = 7C548EEF19EDC97F00A7EDB6 /* ViewController.swift */; };
		7C548EF319EDC97F00A7EDB6 /* Main.storyboard in Resources */ = {isa = PBXBuildFile; fileRef = 7C548EF119EDC97F00A7EDB6 /* Main.storyboard */; };
		7C548EF519EDC97F00A7EDB6 /* Images.xcassets in Resources */ = {isa = PBXBuildFile; fileRef = 7C548EF419EDC97F00A7EDB6 /* Images.xcassets */; };
		7C548EF819EDC97F00A7EDB6 /* LaunchScreen.xib in Resources */ = {isa = PBXBuildFile; fileRef = 7C548EF619EDC97F00A7EDB6 /* LaunchScreen.xib */; };
		7C548F0419EDC97F00A7EDB6 /* TableAdapterExampleTests.swift in Sources */ = {isa = PBXBuildFile; fileRef = 7C548F0319EDC97F00A7EDB6 /* TableAdapterExampleTests.swift */; };
		7C548F1D19EDCB3E00A7EDB6 /* TableHeaderView.swift in Sources */ = {isa = PBXBuildFile; fileRef = 7C548F1919EDCB3E00A7EDB6 /* TableHeaderView.swift */; };
		7C548F1E19EDCB3E00A7EDB6 /* TableHeaderView.xib in Resources */ = {isa = PBXBuildFile; fileRef = 7C548F1A19EDCB3E00A7EDB6 /* TableHeaderView.xib */; };
		7C548F1F19EDCB3E00A7EDB6 /* TableSectionHeaderView.swift in Sources */ = {isa = PBXBuildFile; fileRef = 7C548F1B19EDCB3E00A7EDB6 /* TableSectionHeaderView.swift */; };
		7C548F2019EDCB3E00A7EDB6 /* TableSectionHeaderView.xib in Resources */ = {isa = PBXBuildFile; fileRef = 7C548F1C19EDCB3E00A7EDB6 /* TableSectionHeaderView.xib */; };
		7C62E7B41A8BE6BD00629517 /* TableAdapter.podspec in Resources */ = {isa = PBXBuildFile; fileRef = 7C62E7B31A8BE6BD00629517 /* TableAdapter.podspec */; };
		7CB6E0BF1A648599005CE2F8 /* TableAdapter.framework in Frameworks */ = {isa = PBXBuildFile; fileRef = 7CB6E0BD1A648595005CE2F8 /* TableAdapter.framework */; };
		7CB6E0C01A648599005CE2F8 /* TableAdapter.framework in CopyFiles */ = {isa = PBXBuildFile; fileRef = 7CB6E0BD1A648595005CE2F8 /* TableAdapter.framework */; settings = {ATTRIBUTES = (CodeSignOnCopy, RemoveHeadersOnCopy, ); }; };
		7CB6E0C31A648608005CE2F8 /* TableViewCell.swift in Sources */ = {isa = PBXBuildFile; fileRef = 7CB6E0C11A648608005CE2F8 /* TableViewCell.swift */; };
		7CB6E0C41A648608005CE2F8 /* TableViewCell.xib in Resources */ = {isa = PBXBuildFile; fileRef = 7CB6E0C21A648608005CE2F8 /* TableViewCell.xib */; };
/* End PBXBuildFile section */

/* Begin PBXContainerItemProxy section */
		7C548EFE19EDC97F00A7EDB6 /* PBXContainerItemProxy */ = {
			isa = PBXContainerItemProxy;
			containerPortal = 7C548EE019EDC97F00A7EDB6 /* Project object */;
			proxyType = 1;
			remoteGlobalIDString = 7C548EE719EDC97F00A7EDB6;
			remoteInfo = TableAdapterExample;
		};
/* End PBXContainerItemProxy section */

/* Begin PBXCopyFilesBuildPhase section */
		7CDF3E7519EF03E00057B560 /* CopyFiles */ = {
			isa = PBXCopyFilesBuildPhase;
			buildActionMask = 2147483647;
			dstPath = "";
			dstSubfolderSpec = 10;
			files = (
				7CB6E0C01A648599005CE2F8 /* TableAdapter.framework in CopyFiles */,
			);
			runOnlyForDeploymentPostprocessing = 0;
		};
/* End PBXCopyFilesBuildPhase section */

/* Begin PBXFileReference section */
		7C548EE819EDC97F00A7EDB6 /* TableAdapterExample.app */ = {isa = PBXFileReference; explicitFileType = wrapper.application; includeInIndex = 0; path = TableAdapterExample.app; sourceTree = BUILT_PRODUCTS_DIR; };
		7C548EEC19EDC97F00A7EDB6 /* Info.plist */ = {isa = PBXFileReference; lastKnownFileType = text.plist.xml; path = Info.plist; sourceTree = "<group>"; };
		7C548EED19EDC97F00A7EDB6 /* AppDelegate.swift */ = {isa = PBXFileReference; lastKnownFileType = sourcecode.swift; path = AppDelegate.swift; sourceTree = "<group>"; };
		7C548EEF19EDC97F00A7EDB6 /* ViewController.swift */ = {isa = PBXFileReference; lastKnownFileType = sourcecode.swift; path = ViewController.swift; sourceTree = "<group>"; };
		7C548EF219EDC97F00A7EDB6 /* Base */ = {isa = PBXFileReference; lastKnownFileType = file.storyboard; name = Base; path = Base.lproj/Main.storyboard; sourceTree = "<group>"; };
		7C548EF419EDC97F00A7EDB6 /* Images.xcassets */ = {isa = PBXFileReference; lastKnownFileType = folder.assetcatalog; path = Images.xcassets; sourceTree = "<group>"; };
		7C548EF719EDC97F00A7EDB6 /* Base */ = {isa = PBXFileReference; lastKnownFileType = file.xib; name = Base; path = Base.lproj/LaunchScreen.xib; sourceTree = "<group>"; };
		7C548EFD19EDC97F00A7EDB6 /* TableAdapterExampleTests.xctest */ = {isa = PBXFileReference; explicitFileType = wrapper.cfbundle; includeInIndex = 0; path = TableAdapterExampleTests.xctest; sourceTree = BUILT_PRODUCTS_DIR; };
		7C548F0219EDC97F00A7EDB6 /* Info.plist */ = {isa = PBXFileReference; lastKnownFileType = text.plist.xml; path = Info.plist; sourceTree = "<group>"; };
		7C548F0319EDC97F00A7EDB6 /* TableAdapterExampleTests.swift */ = {isa = PBXFileReference; lastKnownFileType = sourcecode.swift; path = TableAdapterExampleTests.swift; sourceTree = "<group>"; };
		7C548F1919EDCB3E00A7EDB6 /* TableHeaderView.swift */ = {isa = PBXFileReference; fileEncoding = 4; lastKnownFileType = sourcecode.swift; name = TableHeaderView.swift; path = Views/TableHeaderView.swift; sourceTree = "<group>"; };
		7C548F1A19EDCB3E00A7EDB6 /* TableHeaderView.xib */ = {isa = PBXFileReference; fileEncoding = 4; lastKnownFileType = file.xib; name = TableHeaderView.xib; path = Views/TableHeaderView.xib; sourceTree = "<group>"; };
		7C548F1B19EDCB3E00A7EDB6 /* TableSectionHeaderView.swift */ = {isa = PBXFileReference; fileEncoding = 4; lastKnownFileType = sourcecode.swift; name = TableSectionHeaderView.swift; path = Views/TableSectionHeaderView.swift; sourceTree = "<group>"; };
		7C548F1C19EDCB3E00A7EDB6 /* TableSectionHeaderView.xib */ = {isa = PBXFileReference; fileEncoding = 4; lastKnownFileType = file.xib; name = TableSectionHeaderView.xib; path = Views/TableSectionHeaderView.xib; sourceTree = "<group>"; };
		7C62E7B31A8BE6BD00629517 /* TableAdapter.podspec */ = {isa = PBXFileReference; fileEncoding = 4; lastKnownFileType = text; name = TableAdapter.podspec; path = ../../TableAdapter.podspec; sourceTree = "<group>"; };
		7CB6E0BD1A648595005CE2F8 /* TableAdapter.framework */ = {isa = PBXFileReference; lastKnownFileType = wrapper.framework; name = TableAdapter.framework; path = "../../../../Library/Developer/Xcode/DerivedData/TableAdapter-ahgkytcxomcolhgdypghzxsgpbvs/Build/Products/Debug-iphoneos/TableAdapter.framework"; sourceTree = "<group>"; };
		7CB6E0C11A648608005CE2F8 /* TableViewCell.swift */ = {isa = PBXFileReference; fileEncoding = 4; lastKnownFileType = sourcecode.swift; name = TableViewCell.swift; path = Views/TableViewCell.swift; sourceTree = "<group>"; };
		7CB6E0C21A648608005CE2F8 /* TableViewCell.xib */ = {isa = PBXFileReference; fileEncoding = 4; lastKnownFileType = file.xib; name = TableViewCell.xib; path = Views/TableViewCell.xib; sourceTree = "<group>"; };
/* End PBXFileReference section */

/* Begin PBXFrameworksBuildPhase section */
		7C548EE519EDC97F00A7EDB6 /* Frameworks */ = {
			isa = PBXFrameworksBuildPhase;
			buildActionMask = 2147483647;
			files = (
				7CB6E0BF1A648599005CE2F8 /* TableAdapter.framework in Frameworks */,
			);
			runOnlyForDeploymentPostprocessing = 0;
		};
		7C548EFA19EDC97F00A7EDB6 /* Frameworks */ = {
			isa = PBXFrameworksBuildPhase;
			buildActionMask = 2147483647;
			files = (
			);
			runOnlyForDeploymentPostprocessing = 0;
		};
/* End PBXFrameworksBuildPhase section */

/* Begin PBXGroup section */
		7C548EDF19EDC97F00A7EDB6 = {
			isa = PBXGroup;
			children = (
				7CB6E0BD1A648595005CE2F8 /* TableAdapter.framework */,
				7C548EEA19EDC97F00A7EDB6 /* TableAdapterExample */,
				7C548F0019EDC97F00A7EDB6 /* TableAdapterExampleTests */,
				7C548EE919EDC97F00A7EDB6 /* Products */,
			);
			sourceTree = "<group>";
		};
		7C548EE919EDC97F00A7EDB6 /* Products */ = {
			isa = PBXGroup;
			children = (
				7C548EE819EDC97F00A7EDB6 /* TableAdapterExample.app */,
				7C548EFD19EDC97F00A7EDB6 /* TableAdapterExampleTests.xctest */,
			);
			name = Products;
			sourceTree = "<group>";
		};
		7C548EEA19EDC97F00A7EDB6 /* TableAdapterExample */ = {
			isa = PBXGroup;
			children = (
				7C548F1819EDCB3500A7EDB6 /* Views */,
				7C548EED19EDC97F00A7EDB6 /* AppDelegate.swift */,
				7C548EEF19EDC97F00A7EDB6 /* ViewController.swift */,
				7C548EF119EDC97F00A7EDB6 /* Main.storyboard */,
				7C548EF419EDC97F00A7EDB6 /* Images.xcassets */,
				7C548EF619EDC97F00A7EDB6 /* LaunchScreen.xib */,
				7C548EEB19EDC97F00A7EDB6 /* Supporting Files */,
			);
			path = TableAdapterExample;
			sourceTree = "<group>";
		};
		7C548EEB19EDC97F00A7EDB6 /* Supporting Files */ = {
			isa = PBXGroup;
			children = (
				7C62E7B31A8BE6BD00629517 /* TableAdapter.podspec */,
				7C548EEC19EDC97F00A7EDB6 /* Info.plist */,
			);
			name = "Supporting Files";
			sourceTree = "<group>";
		};
		7C548F0019EDC97F00A7EDB6 /* TableAdapterExampleTests */ = {
			isa = PBXGroup;
			children = (
				7C548F0319EDC97F00A7EDB6 /* TableAdapterExampleTests.swift */,
				7C548F0119EDC97F00A7EDB6 /* Supporting Files */,
			);
			path = TableAdapterExampleTests;
			sourceTree = "<group>";
		};
		7C548F0119EDC97F00A7EDB6 /* Supporting Files */ = {
			isa = PBXGroup;
			children = (
				7C548F0219EDC97F00A7EDB6 /* Info.plist */,
			);
			name = "Supporting Files";
			sourceTree = "<group>";
		};
		7C548F1819EDCB3500A7EDB6 /* Views */ = {
			isa = PBXGroup;
			children = (
				7C548F1919EDCB3E00A7EDB6 /* TableHeaderView.swift */,
				7C548F1A19EDCB3E00A7EDB6 /* TableHeaderView.xib */,
				7C548F1B19EDCB3E00A7EDB6 /* TableSectionHeaderView.swift */,
				7C548F1C19EDCB3E00A7EDB6 /* TableSectionHeaderView.xib */,
				7CB6E0C11A648608005CE2F8 /* TableViewCell.swift */,
				7CB6E0C21A648608005CE2F8 /* TableViewCell.xib */,
			);
			name = Views;
			sourceTree = "<group>";
		};
/* End PBXGroup section */

/* Begin PBXNativeTarget section */
		7C548EE719EDC97F00A7EDB6 /* TableAdapterExample */ = {
			isa = PBXNativeTarget;
			buildConfigurationList = 7C548F0719EDC97F00A7EDB6 /* Build configuration list for PBXNativeTarget "TableAdapterExample" */;
			buildPhases = (
				7C548EE419EDC97F00A7EDB6 /* Sources */,
				7C548EE519EDC97F00A7EDB6 /* Frameworks */,
				7C548EE619EDC97F00A7EDB6 /* Resources */,
				7CDF3E7519EF03E00057B560 /* CopyFiles */,
			);
			buildRules = (
			);
			dependencies = (
			);
			name = TableAdapterExample;
			productName = TableAdapterExample;
			productReference = 7C548EE819EDC97F00A7EDB6 /* TableAdapterExample.app */;
			productType = "com.apple.product-type.application";
		};
		7C548EFC19EDC97F00A7EDB6 /* TableAdapterExampleTests */ = {
			isa = PBXNativeTarget;
			buildConfigurationList = 7C548F0A19EDC97F00A7EDB6 /* Build configuration list for PBXNativeTarget "TableAdapterExampleTests" */;
			buildPhases = (
				7C548EF919EDC97F00A7EDB6 /* Sources */,
				7C548EFA19EDC97F00A7EDB6 /* Frameworks */,
				7C548EFB19EDC97F00A7EDB6 /* Resources */,
			);
			buildRules = (
			);
			dependencies = (
				7C548EFF19EDC97F00A7EDB6 /* PBXTargetDependency */,
			);
			name = TableAdapterExampleTests;
			productName = TableAdapterExampleTests;
			productReference = 7C548EFD19EDC97F00A7EDB6 /* TableAdapterExampleTests.xctest */;
			productType = "com.apple.product-type.bundle.unit-test";
		};
/* End PBXNativeTarget section */

/* Begin PBXProject section */
		7C548EE019EDC97F00A7EDB6 /* Project object */ = {
			isa = PBXProject;
			attributes = {
				LastUpgradeCheck = 0600;
				ORGANIZATIONNAME = Present;
				TargetAttributes = {
					7C548EE719EDC97F00A7EDB6 = {
						CreatedOnToolsVersion = 6.0.1;
					};
					7C548EFC19EDC97F00A7EDB6 = {
						CreatedOnToolsVersion = 6.0.1;
						TestTargetID = 7C548EE719EDC97F00A7EDB6;
					};
				};
			};
			buildConfigurationList = 7C548EE319EDC97F00A7EDB6 /* Build configuration list for PBXProject "TableAdapterExample" */;
			compatibilityVersion = "Xcode 3.2";
			developmentRegion = English;
			hasScannedForEncodings = 0;
			knownRegions = (
				en,
				Base,
			);
			mainGroup = 7C548EDF19EDC97F00A7EDB6;
			productRefGroup = 7C548EE919EDC97F00A7EDB6 /* Products */;
			projectDirPath = "";
			projectRoot = "";
			targets = (
				7C548EE719EDC97F00A7EDB6 /* TableAdapterExample */,
				7C548EFC19EDC97F00A7EDB6 /* TableAdapterExampleTests */,
			);
		};
/* End PBXProject section */

/* Begin PBXResourcesBuildPhase section */
		7C548EE619EDC97F00A7EDB6 /* Resources */ = {
			isa = PBXResourcesBuildPhase;
			buildActionMask = 2147483647;
			files = (
				7C62E7B41A8BE6BD00629517 /* TableAdapter.podspec in Resources */,
				7C548F1E19EDCB3E00A7EDB6 /* TableHeaderView.xib in Resources */,
				7CB6E0C41A648608005CE2F8 /* TableViewCell.xib in Resources */,
				7C548EF319EDC97F00A7EDB6 /* Main.storyboard in Resources */,
				7C548EF819EDC97F00A7EDB6 /* LaunchScreen.xib in Resources */,
				7C548F2019EDCB3E00A7EDB6 /* TableSectionHeaderView.xib in Resources */,
				7C548EF519EDC97F00A7EDB6 /* Images.xcassets in Resources */,
			);
			runOnlyForDeploymentPostprocessing = 0;
		};
		7C548EFB19EDC97F00A7EDB6 /* Resources */ = {
			isa = PBXResourcesBuildPhase;
			buildActionMask = 2147483647;
			files = (
			);
			runOnlyForDeploymentPostprocessing = 0;
		};
/* End PBXResourcesBuildPhase section */

/* Begin PBXSourcesBuildPhase section */
		7C548EE419EDC97F00A7EDB6 /* Sources */ = {
			isa = PBXSourcesBuildPhase;
			buildActionMask = 2147483647;
			files = (
				7CB6E0C31A648608005CE2F8 /* TableViewCell.swift in Sources */,
				7C548F1F19EDCB3E00A7EDB6 /* TableSectionHeaderView.swift in Sources */,
				7C548F1D19EDCB3E00A7EDB6 /* TableHeaderView.swift in Sources */,
				7C548EF019EDC97F00A7EDB6 /* ViewController.swift in Sources */,
				7C548EEE19EDC97F00A7EDB6 /* AppDelegate.swift in Sources */,
			);
			runOnlyForDeploymentPostprocessing = 0;
		};
		7C548EF919EDC97F00A7EDB6 /* Sources */ = {
			isa = PBXSourcesBuildPhase;
			buildActionMask = 2147483647;
			files = (
				7C548F0419EDC97F00A7EDB6 /* TableAdapterExampleTests.swift in Sources */,
			);
			runOnlyForDeploymentPostprocessing = 0;
		};
/* End PBXSourcesBuildPhase section */

/* Begin PBXTargetDependency section */
		7C548EFF19EDC97F00A7EDB6 /* PBXTargetDependency */ = {
			isa = PBXTargetDependency;
			target = 7C548EE719EDC97F00A7EDB6 /* TableAdapterExample */;
			targetProxy = 7C548EFE19EDC97F00A7EDB6 /* PBXContainerItemProxy */;
		};
/* End PBXTargetDependency section */

/* Begin PBXVariantGroup section */
		7C548EF119EDC97F00A7EDB6 /* Main.storyboard */ = {
			isa = PBXVariantGroup;
			children = (
				7C548EF219EDC97F00A7EDB6 /* Base */,
			);
			name = Main.storyboard;
			sourceTree = "<group>";
		};
		7C548EF619EDC97F00A7EDB6 /* LaunchScreen.xib */ = {
			isa = PBXVariantGroup;
			children = (
				7C548EF719EDC97F00A7EDB6 /* Base */,
			);
			name = LaunchScreen.xib;
			sourceTree = "<group>";
		};
/* End PBXVariantGroup section */

/* Begin XCBuildConfiguration section */
		7C548F0519EDC97F00A7EDB6 /* Debug */ = {
			isa = XCBuildConfiguration;
			buildSettings = {
				ALWAYS_SEARCH_USER_PATHS = NO;
				CLANG_CXX_LANGUAGE_STANDARD = "gnu++0x";
				CLANG_CXX_LIBRARY = "libc++";
				CLANG_ENABLE_MODULES = YES;
				CLANG_ENABLE_OBJC_ARC = YES;
				CLANG_WARN_BOOL_CONVERSION = YES;
				CLANG_WARN_CONSTANT_CONVERSION = YES;
				CLANG_WARN_DIRECT_OBJC_ISA_USAGE = YES_ERROR;
				CLANG_WARN_EMPTY_BODY = YES;
				CLANG_WARN_ENUM_CONVERSION = YES;
				CLANG_WARN_INT_CONVERSION = YES;
				CLANG_WARN_OBJC_ROOT_CLASS = YES_ERROR;
				CLANG_WARN_UNREACHABLE_CODE = YES;
				CLANG_WARN__DUPLICATE_METHOD_MATCH = YES;
				"CODE_SIGN_IDENTITY[sdk=iphoneos*]" = "iPhone Developer";
				COPY_PHASE_STRIP = NO;
				ENABLE_STRICT_OBJC_MSGSEND = YES;
				GCC_C_LANGUAGE_STANDARD = gnu99;
				GCC_DYNAMIC_NO_PIC = NO;
				GCC_OPTIMIZATION_LEVEL = 0;
				GCC_PREPROCESSOR_DEFINITIONS = (
					"DEBUG=1",
					"$(inherited)",
				);
				GCC_SYMBOLS_PRIVATE_EXTERN = NO;
				GCC_WARN_64_TO_32_BIT_CONVERSION = YES;
				GCC_WARN_ABOUT_RETURN_TYPE = YES_ERROR;
				GCC_WARN_UNDECLARED_SELECTOR = YES;
				GCC_WARN_UNINITIALIZED_AUTOS = YES_AGGRESSIVE;
				GCC_WARN_UNUSED_FUNCTION = YES;
				GCC_WARN_UNUSED_VARIABLE = YES;
				IPHONEOS_DEPLOYMENT_TARGET = 8.0;
				MTL_ENABLE_DEBUG_INFO = YES;
				ONLY_ACTIVE_ARCH = YES;
				SDKROOT = iphoneos;
				SWIFT_OPTIMIZATION_LEVEL = "-Onone";
				TARGETED_DEVICE_FAMILY = "1,2";
			};
			name = Debug;
		};
		7C548F0619EDC97F00A7EDB6 /* Release */ = {
			isa = XCBuildConfiguration;
			buildSettings = {
				ALWAYS_SEARCH_USER_PATHS = NO;
				CLANG_CXX_LANGUAGE_STANDARD = "gnu++0x";
				CLANG_CXX_LIBRARY = "libc++";
				CLANG_ENABLE_MODULES = YES;
				CLANG_ENABLE_OBJC_ARC = YES;
				CLANG_WARN_BOOL_CONVERSION = YES;
				CLANG_WARN_CONSTANT_CONVERSION = YES;
				CLANG_WARN_DIRECT_OBJC_ISA_USAGE = YES_ERROR;
				CLANG_WARN_EMPTY_BODY = YES;
				CLANG_WARN_ENUM_CONVERSION = YES;
				CLANG_WARN_INT_CONVERSION = YES;
				CLANG_WARN_OBJC_ROOT_CLASS = YES_ERROR;
				CLANG_WARN_UNREACHABLE_CODE = YES;
				CLANG_WARN__DUPLICATE_METHOD_MATCH = YES;
				"CODE_SIGN_IDENTITY[sdk=iphoneos*]" = "iPhone Developer";
				COPY_PHASE_STRIP = YES;
				ENABLE_NS_ASSERTIONS = NO;
				ENABLE_STRICT_OBJC_MSGSEND = YES;
				GCC_C_LANGUAGE_STANDARD = gnu99;
				GCC_WARN_64_TO_32_BIT_CONVERSION = YES;
				GCC_WARN_ABOUT_RETURN_TYPE = YES_ERROR;
				GCC_WARN_UNDECLARED_SELECTOR = YES;
				GCC_WARN_UNINITIALIZED_AUTOS = YES_AGGRESSIVE;
				GCC_WARN_UNUSED_FUNCTION = YES;
				GCC_WARN_UNUSED_VARIABLE = YES;
				IPHONEOS_DEPLOYMENT_TARGET = 8.0;
				MTL_ENABLE_DEBUG_INFO = NO;
				SDKROOT = iphoneos;
				TARGETED_DEVICE_FAMILY = "1,2";
				VALIDATE_PRODUCT = YES;
			};
			name = Release;
		};
		7C548F0819EDC97F00A7EDB6 /* Debug */ = {
			isa = XCBuildConfiguration;
			buildSettings = {
				ASSETCATALOG_COMPILER_APPICON_NAME = AppIcon;
				FRAMEWORK_SEARCH_PATHS = (
					"$(inherited)",
					"$(PROJECT_DIR)/TableAdapterExample",
					"$(USER_LIBRARY_DIR)/Developer/Xcode/DerivedData/TableAdapter-ahgkytcxomcolhgdypghzxsgpbvs/Build/Products/Debug-iphoneos",
				);
				INFOPLIST_FILE = TableAdapterExample/Info.plist;
				LD_RUNPATH_SEARCH_PATHS = "$(inherited) @executable_path/Frameworks";
				PRODUCT_NAME = "$(TARGET_NAME)";
			};
			name = Debug;
		};
		7C548F0919EDC97F00A7EDB6 /* Release */ = {
			isa = XCBuildConfiguration;
			buildSettings = {
				ASSETCATALOG_COMPILER_APPICON_NAME = AppIcon;
				FRAMEWORK_SEARCH_PATHS = (
					"$(inherited)",
					"$(PROJECT_DIR)/TableAdapterExample",
					"$(USER_LIBRARY_DIR)/Developer/Xcode/DerivedData/TableAdapter-ahgkytcxomcolhgdypghzxsgpbvs/Build/Products/Debug-iphoneos",
				);
				INFOPLIST_FILE = TableAdapterExample/Info.plist;
				LD_RUNPATH_SEARCH_PATHS = "$(inherited) @executable_path/Frameworks";
				PRODUCT_NAME = "$(TARGET_NAME)";
			};
			name = Release;
		};
		7C548F0B19EDC97F00A7EDB6 /* Debug */ = {
			isa = XCBuildConfiguration;
			buildSettings = {
				BUNDLE_LOADER = "$(TEST_HOST)";
				FRAMEWORK_SEARCH_PATHS = (
					"$(SDKROOT)/Developer/Library/Frameworks",
					"$(inherited)",
				);
				GCC_PREPROCESSOR_DEFINITIONS = (
					"DEBUG=1",
					"$(inherited)",
				);
				INFOPLIST_FILE = TableAdapterExampleTests/Info.plist;
				LD_RUNPATH_SEARCH_PATHS = "$(inherited) @executable_path/Frameworks @loader_path/Frameworks";
				PRODUCT_NAME = "$(TARGET_NAME)";
				TEST_HOST = "$(BUILT_PRODUCTS_DIR)/TableAdapterExample.app/TableAdapterExample";
			};
			name = Debug;
		};
		7C548F0C19EDC97F00A7EDB6 /* Release */ = {
			isa = XCBuildConfiguration;
			buildSettings = {
				BUNDLE_LOADER = "$(TEST_HOST)";
				FRAMEWORK_SEARCH_PATHS = (
					"$(SDKROOT)/Developer/Library/Frameworks",
					"$(inherited)",
				);
				INFOPLIST_FILE = TableAdapterExampleTests/Info.plist;
				LD_RUNPATH_SEARCH_PATHS = "$(inherited) @executable_path/Frameworks @loader_path/Frameworks";
				PRODUCT_NAME = "$(TARGET_NAME)";
				TEST_HOST = "$(BUILT_PRODUCTS_DIR)/TableAdapterExample.app/TableAdapterExample";
			};
			name = Release;
		};
/* End XCBuildConfiguration section */

/* Begin XCConfigurationList section */
		7C548EE319EDC97F00A7EDB6 /* Build configuration list for PBXProject "TableAdapterExample" */ = {
			isa = XCConfigurationList;
			buildConfigurations = (
				7C548F0519EDC97F00A7EDB6 /* Debug */,
				7C548F0619EDC97F00A7EDB6 /* Release */,
			);
			defaultConfigurationIsVisible = 0;
			defaultConfigurationName = Release;
		};
		7C548F0719EDC97F00A7EDB6 /* Build configuration list for PBXNativeTarget "TableAdapterExample" */ = {
			isa = XCConfigurationList;
			buildConfigurations = (
				7C548F0819EDC97F00A7EDB6 /* Debug */,
				7C548F0919EDC97F00A7EDB6 /* Release */,
			);
			defaultConfigurationIsVisible = 0;
			defaultConfigurationName = Release;
		};
		7C548F0A19EDC97F00A7EDB6 /* Build configuration list for PBXNativeTarget "TableAdapterExampleTests" */ = {
			isa = XCConfigurationList;
			buildConfigurations = (
				7C548F0B19EDC97F00A7EDB6 /* Debug */,
				7C548F0C19EDC97F00A7EDB6 /* Release */,
			);
			defaultConfigurationIsVisible = 0;
			defaultConfigurationName = Release;
		};
/* End XCConfigurationList section */
	};
	rootObject = 7C548EE019EDC97F00A7EDB6 /* Project object */;
}
